
Microsoft Visual Studio Solution File, Format Version 12.00
# Visual Studio Version 17
VisualStudioVersion = 17.3.32929.385
MinimumVisualStudioVersion = 10.0.40219.1
Project("{FAE04EC0-301F-11D3-BF4B-00C04F79EFBC}") = "FraccionesContinuas", "FraccionesContinuas\FraccionesContinuas.csproj", "{4DDBDD17-18B4-4250-8111-7EF98B74A2F4}"
EndProject
Global
	GlobalSection(SolutionConfigurationPlatforms) = preSolution
		Debug|Any CPU = Debug|Any CPU
		Release|Any CPU = Release|Any CPU
	EndGlobalSection
	GlobalSection(ProjectConfigurationPlatforms) = postSolution
		{4DDBDD17-18B4-4250-8111-7EF98B74A2F4}.Debug|Any CPU.ActiveCfg = Debug|Any CPU
		{4DDBDD17-18B4-4250-8111-7EF98B74A2F4}.Debug|Any CPU.Build.0 = Debug|Any CPU
		{4DDBDD17-18B4-4250-8111-7EF98B74A2F4}.Release|Any CPU.ActiveCfg = Release|Any CPU
		{4DDBDD17-18B4-4250-8111-7EF98B74A2F4}.Release|Any CPU.Build.0 = Release|Any CPU
	EndGlobalSection
	GlobalSection(SolutionProperties) = preSolution
		HideSolutionNode = FALSE
	EndGlobalSection
	GlobalSection(ExtensibilityGlobals) = postSolution
		SolutionGuid = {5FE9B79A-7308-493F-9267-534CA0DE5A89}
	EndGlobalSection
EndGlobal
